<Solution>
  <Folder Name="/examples/" />
  <Folder Name="/examples/dotnet-api/">
    <Project Path="examples/dotnet-api/DockerFactor.ExampleApi.csproj" />
  </Folder>
  <Folder Name="/src/">
    <Project Path="src/DockerFactor.CLI/DockerFactor.CLI.csproj" />
    <Project Path="src/DockerFactor.Core/DockerFactor.Core.csproj" />
    <Project Path="src/DockerFactor.Engine/DockerFactor.Engine.csproj" />
  </Folder>
  <Folder Name="/tests/">
    <Project Path="tests/DockerFactor.CLI.Tests/DockerFactor.CLI.Tests.csproj" />
    <Project Path="tests/DockerFactor.Core.Tests/DockerFactor.Core.Tests.csproj" />
    <Project Path="tests/DockerFactor.Engine.Tests/DockerFactor.Engine.Tests.csproj" />
  </Folder>
</Solution>
